<?xml version="1.0" encoding="utf-8"?>
<Project ToolsVersion="4.0" xmlns="http://schemas.microsoft.com/developer/msbuild/2003">
  <ItemGroup>
    <Filter Include="Source Files">
      <UniqueIdentifier>{4FC737F1-C7A5-4376-A066-2A32D752A2FF}</UniqueIdentifier>
      <Extensions>cpp;c;cc;cxx;c++;cppm;ixx;def;odl;idl;hpj;bat;asm;asmx</Extensions>
    </Filter>
    <Filter Include="Header Files">
      <UniqueIdentifier>{93995380-89BD-4b04-88EB-625FBE52EBFB}</UniqueIdentifier>
      <Extensions>h;hh;hpp;hxx;h++;hm;inl;inc;ipp;xsd</Extensions>
    </Filter>
    <Filter Include="Resource Files">
      <UniqueIdentifier>{67DA6AB6-F800-4c08-8B7A-83BB121AAD01}</UniqueIdentifier>
      <Extensions>rc;ico;cur;bmp;dlg;rc2;rct;bin;rgs;gif;jpg;jpeg;jpe;resx;tiff;tif;png;wav;mfcribbon-ms</Extensions>
    </Filter>
    <Filter Include="Systems">
      <UniqueIdentifier>{5f9c4163-9934-4fcd-949e-79c01e95017e}</UniqueIdentifier>
    </Filter>
    <Filter Include="Header Files\Enemies">
      <UniqueIdentifier>{2A4A0E03-86D4-4C77-8A2E-7CE43D663FA1}</UniqueIdentifier>
    </Filter>
    <Filter Include="Header Files\Systems">
      <UniqueIdentifier>{1F1F8B0A-6A5E-4F8F-8A53-3F36E998C4D2}</UniqueIdentifier>
    </Filter>
  </ItemGroup>
  <ItemGroup>
    <ClCompile Include="src\Entities\Entity.cpp">
      <Filter>Source Files</Filter>
    </ClCompile>
    <ClCompile Include="src\Enemies\Enemy.cpp">
      <Filter>Source Files</Filter>
    </ClCompile>
    <ClCompile Include="src\Enemies\Botom.cpp">
      <Filter>Source Files</Filter>
    </ClCompile>
    <ClCompile Include="src\Game.cpp">
      <Filter>Source Files</Filter>
    </ClCompile>
    <ClCompile Include="main.cpp">
      <Filter>Source Files</Filter>
    </ClCompile>
    <ClCompile Include="src\Systems\AuthManager.cpp">
      <Filter>Systems</Filter>
    </ClCompile>
    <ClCompile Include="src\Systems\DatabaseManager.cpp">
      <Filter>Systems</Filter>
    </ClCompile>
    <ClCompile Include="src\Systems\ScoreManager.cpp">
      <Filter>Systems</Filter>
    </ClCompile>
    <ClCompile Include="src\Enemies\Gamakichi.cpp">
      <Filter>Source Files</Filter>
    </ClCompile>
    <ClCompile Include="src\Enemies\Mogera.cpp">
      <Filter>Source Files</Filter>
    </ClCompile>
    <ClCompile Include="src\Enemies\ColorVariant.cpp">
      <Filter>Source Files</Filter>
    </ClCompile>
    <ClCompile Include="src\Enemies\Boss.cpp">
      <Filter>Source Files</Filter>
    </ClCompile>
    <ClCompile Include="src\Enemies\FlyingFooga.cpp">
      <Filter>Source Files</Filter>
    </ClCompile>
    <ClCompile Include="src\Enemies\FlyingEnemy.cpp">
      <Filter>Source Files</Filter>
    </ClCompile>
    <ClCompile Include="src\Enemies\Tornado.cpp">
      <Filter>Source Files</Filter>
    </ClCompile>
    <ClCompile Include="src\Systems\EventBus.cpp">
      <Filter>Systems</Filter>
    </ClCompile>
  </ItemGroup>
  <ItemGroup>
    <None Include=".gitignore" />
    <None Include="README.md" />
    <None Include="GIT_WORKFLOW.md" />
    <None Include="MAIN_BRANCH_CHECKLIST.md" />
    <None Include="SETUP_GUIDE.md" />
    <None Include="MAIN_READY_SUMMARY.md" />
    <None Include="START_HERE.md" />
    <None Include="FINAL_CHECKLIST.md" />
    <None Include="COMPLETE_PACKAGE.md" />
    <None Include="PROJECT_STRUCTURE.md" />
    <None Include="ACTION_ITEMS.md" />
    <None Include="00_START_HERE_FIRST.md" />
    <None Include="QUICK_REFERENCE.md" />
  </ItemGroup>
  <ItemGroup>
    <Text Include="DESIGN_DOCUMENT.txt" />
  </ItemGroup>
  <ItemGroup>
    <ClInclude Include="src\Entities\Entity.h">
      <Filter>Header Files</Filter>
    </ClInclude>
    <ClInclude Include="src\Enemies\Enemy.h">
      <Filter>Header Files\Enemies</Filter>
    </ClInclude>
    <ClInclude Include="src\Enemies\Botom.h">
      <Filter>Header Files\Enemies</Filter>
    </ClInclude>
    <ClInclude Include="src\Game.h">
      <Filter>Header Files</Filter>
    </ClInclude>
    <ClInclude Include="ENTITY_TEMPLATE.h">
      <Filter>Header Files</Filter>
    </ClInclude>
    <ClInclude Include="src\Systems\AuthManager.h">
      <Filter>Header Files\Systems</Filter>
    </ClInclude>
    <ClInclude Include="src\Enemies\ColorVariant.h">
      <Filter>Header Files\Enemies</Filter>
    </ClInclude>
    <ClInclude Include="src\Enemies\Boss.h">
      <Filter>Header Files\Enemies</Filter>
    </ClInclude>
    <ClInclude Include="src\Enemies\Mogera.h">
      <Filter>Header Files\Enemies</Filter>
    </ClInclude>
    <ClInclude Include="src\Enemies\Tornado.h">
      <Filter>Header Files\Enemies</Filter>
    </ClInclude>
    <ClInclude Include="src\Systems\EventBus.h">
      <Filter>Header Files\Systems</Filter>
    </ClInclude>
    <ClInclude Include="FlyingEnemy.h">
      <Filter>Header Files\Enemies</Filter>
    </ClInclude>
    <ClInclude Include="FlyingFooga.h">
      <Filter>Header Files\Enemies</Filter>
    </ClInclude>
    <ClInclude Include="Gamakichi.h">
      <Filter>Header Files\Enemies</Filter>
    </ClInclude>
  </ItemGroup>
</Project>